
Microsoft Visual Studio Solution File, Format Version 11.00
# Visual Studio 2010
Project("{FAE04EC0-301F-11D3-BF4B-00C04F79EFBC}") = "ClipCursor", "ClipCursor\ClipCursor.csproj", "{37280AA6-A3B7-445A-BF3F-4D165B234217}"
EndProject
Global
	GlobalSection(SolutionConfigurationPlatforms) = preSolution
		Debug|x86 = Debug|x86
		Release|x86 = Release|x86
	EndGlobalSection
	GlobalSection(ProjectConfigurationPlatforms) = postSolution
		{37280AA6-A3B7-445A-BF3F-4D165B234217}.Debug|x86.ActiveCfg = Release|x86
		{37280AA6-A3B7-445A-BF3F-4D165B234217}.Debug|x86.Build.0 = Release|x86
		{37280AA6-A3B7-445A-BF3F-4D165B234217}.Release|x86.ActiveCfg = Release|x86
		{37280AA6-A3B7-445A-BF3F-4D165B234217}.Release|x86.Build.0 = Release|x86
	EndGlobalSection
	GlobalSection(SolutionProperties) = preSolution
		HideSolutionNode = FALSE
	EndGlobalSection
EndGlobal
